// !$*UTF8*$!
{
	archiveVersion = 1;
	classes = {
	};
	objectVersion = 46;
	objects = {

/* Begin PBXBuildFile section */
		DF9FB84018119A5400F93E95 /* UIKit.framework in Frameworks */ = {isa = PBXBuildFile; fileRef = DF9FB83F18119A5400F93E95 /* UIKit.framework */; };
		DF9FB84218119A5400F93E95 /* Foundation.framework in Frameworks */ = {isa = PBXBuildFile; fileRef = DF9FB84118119A5400F93E95 /* Foundation.framework */; };
		DF9FB84418119A5400F93E95 /* CoreGraphics.framework in Frameworks */ = {isa = PBXBuildFile; fileRef = DF9FB84318119A5400F93E95 /* CoreGraphics.framework */; };
		DF9FB84A18119A5400F93E95 /* InfoPlist.strings in Resources */ = {isa = PBXBuildFile; fileRef = DF9FB84818119A5400F93E95 /* InfoPlist.strings */; };
		DF9FB84C18119A5400F93E95 /* main.m in Sources */ = {isa = PBXBuildFile; fileRef = DF9FB84B18119A5400F93E95 /* main.m */; };
		DF9FB85018119A5400F93E95 /* AppDelegate.m in Sources */ = {isa = PBXBuildFile; fileRef = DF9FB84F18119A5400F93E95 /* AppDelegate.m */; };
		DF9FB85218119A5400F93E95 /* Default.png in Resources */ = {isa = PBXBuildFile; fileRef = DF9FB85118119A5400F93E95 /* Default.png */; };
		DF9FB85418119A5400F93E95 /* Default@2x.png in Resources */ = {isa = PBXBuildFile; fileRef = DF9FB85318119A5400F93E95 /* Default@2x.png */; };
		DF9FB85618119A5400F93E95 /* Default-568h@2x.png in Resources */ = {isa = PBXBuildFile; fileRef = DF9FB85518119A5400F93E95 /* Default-568h@2x.png */; };
		DF9FB85918119A5400F93E95 /* MainStoryboard.storyboard in Resources */ = {isa = PBXBuildFile; fileRef = DF9FB85718119A5400F93E95 /* MainStoryboard.storyboard */; };
		DF9FB85C18119A5400F93E95 /* ViewController.m in Sources */ = {isa = PBXBuildFile; fileRef = DF9FB85B18119A5400F93E95 /* ViewController.m */; };
		DF9FB86418119A7E00F93E95 /* Draw2D.m in Sources */ = {isa = PBXBuildFile; fileRef = DF9FB86318119A7E00F93E95 /* Draw2D.m */; };
		DF9FB86618119F8600F93E95 /* QuartzCore.framework in Frameworks */ = {isa = PBXBuildFile; fileRef = DF9FB86518119F8600F93E95 /* QuartzCore.framework */; };
		DF9FB8681811B78600F93E95 /* steve.jpg in Resources */ = {isa = PBXBuildFile; fileRef = DF9FB8671811B78600F93E95 /* steve.jpg */; };
		DF9FB86A1811B86E00F93E95 /* Apple.jpg in Resources */ = {isa = PBXBuildFile; fileRef = DF9FB8691811B86E00F93E95 /* Apple.jpg */; };
/* End PBXBuildFile section */

/* Begin PBXFileReference section */
		DF9FB83C18119A5400F93E95 /* Draw2D.app */ = {isa = PBXFileReference; explicitFileType = wrapper.application; includeInIndex = 0; path = Draw2D.app; sourceTree = BUILT_PRODUCTS_DIR; };
		DF9FB83F18119A5400F93E95 /* UIKit.framework */ = {isa = PBXFileReference; lastKnownFileType = wrapper.framework; name = UIKit.framework; path = System/Library/Frameworks/UIKit.framework; sourceTree = SDKROOT; };
		DF9FB84118119A5400F93E95 /* Foundation.framework */ = {isa = PBXFileReference; lastKnownFileType = wrapper.framework; name = Foundation.framework; path = System/Library/Frameworks/Foundation.framework; sourceTree = SDKROOT; };
		DF9FB84318119A5400F93E95 /* CoreGraphics.framework */ = {isa = PBXFileReference; lastKnownFileType = wrapper.framework; name = CoreGraphics.framework; path = System/Library/Frameworks/CoreGraphics.framework; sourceTree = SDKROOT; };
		DF9FB84718119A5400F93E95 /* Draw2D-Info.plist */ = {isa = PBXFileReference; lastKnownFileType = text.plist.xml; path = "Draw2D-Info.plist"; sourceTree = "<group>"; };
		DF9FB84918119A5400F93E95 /* en */ = {isa = PBXFileReference; lastKnownFileType = text.plist.strings; name = en; path = en.lproj/InfoPlist.strings; sourceTree = "<group>"; };
		DF9FB84B18119A5400F93E95 /* main.m */ = {isa = PBXFileReference; lastKnownFileType = sourcecode.c.objc; path = main.m; sourceTree = "<group>"; };
		DF9FB84D18119A5400F93E95 /* Draw2D-Prefix.pch */ = {isa = PBXFileReference; lastKnownFileType = sourcecode.c.h; path = "Draw2D-Prefix.pch"; sourceTree = "<group>"; };
		DF9FB84E18119A5400F93E95 /* AppDelegate.h */ = {isa = PBXFileReference; lastKnownFileType = sourcecode.c.h; path = AppDelegate.h; sourceTree = "<group>"; };
		DF9FB84F18119A5400F93E95 /* AppDelegate.m */ = {isa = PBXFileReference; lastKnownFileType = sourcecode.c.objc; path = AppDelegate.m; sourceTree = "<group>"; };
		DF9FB85118119A5400F93E95 /* Default.png */ = {isa = PBXFileReference; lastKnownFileType = image.png; path = Default.png; sourceTree = "<group>"; };
		DF9FB85318119A5400F93E95 /* Default@2x.png */ = {isa = PBXFileReference; lastKnownFileType = image.png; path = "Default@2x.png"; sourceTree = "<group>"; };
		DF9FB85518119A5400F93E95 /* Default-568h@2x.png */ = {isa = PBXFileReference; lastKnownFileType = image.png; path = "Default-568h@2x.png"; sourceTree = "<group>"; };
		DF9FB85818119A5400F93E95 /* en */ = {isa = PBXFileReference; lastKnownFileType = file.storyboard; name = en; path = en.lproj/MainStoryboard.storyboard; sourceTree = "<group>"; };
		DF9FB85A18119A5400F93E95 /* ViewController.h */ = {isa = PBXFileReference; lastKnownFileType = sourcecode.c.h; path = ViewController.h; sourceTree = "<group>"; };
		DF9FB85B18119A5400F93E95 /* ViewController.m */ = {isa = PBXFileReference; lastKnownFileType = sourcecode.c.objc; path = ViewController.m; sourceTree = "<group>"; };
		DF9FB86218119A7E00F93E95 /* Draw2D.h */ = {isa = PBXFileReference; fileEncoding = 4; lastKnownFileType = sourcecode.c.h; path = Draw2D.h; sourceTree = SOURCE_ROOT; };
		DF9FB86318119A7E00F93E95 /* Draw2D.m */ = {isa = PBXFileReference; fileEncoding = 4; lastKnownFileType = sourcecode.c.objc; path = Draw2D.m; sourceTree = SOURCE_ROOT; };
		DF9FB86518119F8600F93E95 /* QuartzCore.framework */ = {isa = PBXFileReference; lastKnownFileType = wrapper.framework; name = QuartzCore.framework; path = System/Library/Frameworks/QuartzCore.framework; sourceTree = SDKROOT; };
		DF9FB8671811B78600F93E95 /* steve.jpg */ = {isa = PBXFileReference; lastKnownFileType = image.jpeg; path = steve.jpg; sourceTree = "<group>"; };
		DF9FB8691811B86E00F93E95 /* Apple.jpg */ = {isa = PBXFileReference; lastKnownFileType = image.jpeg; path = Apple.jpg; sourceTree = "<group>"; };
/* End PBXFileReference section */

/* Begin PBXFrameworksBuildPhase section */
		DF9FB83918119A5300F93E95 /* Frameworks */ = {
			isa = PBXFrameworksBuildPhase;
			buildActionMask = 2147483647;
			files = (
				DF9FB86618119F8600F93E95 /* QuartzCore.framework in Frameworks */,
				DF9FB84018119A5400F93E95 /* UIKit.framework in Frameworks */,
				DF9FB84218119A5400F93E95 /* Foundation.framework in Frameworks */,
				DF9FB84418119A5400F93E95 /* CoreGraphics.framework in Frameworks */,
			);
			runOnlyForDeploymentPostprocessing = 0;
		};
/* End PBXFrameworksBuildPhase section */

/* Begin PBXGroup section */
		DF9FB83318119A5300F93E95 = {
			isa = PBXGroup;
			children = (
				DF9FB86518119F8600F93E95 /* QuartzCore.framework */,
				DF9FB84518119A5400F93E95 /* Draw2D */,
				DF9FB83E18119A5400F93E95 /* Frameworks */,
				DF9FB83D18119A5400F93E95 /* Products */,
			);
			sourceTree = "<group>";
		};
		DF9FB83D18119A5400F93E95 /* Products */ = {
			isa = PBXGroup;
			children = (
				DF9FB83C18119A5400F93E95 /* Draw2D.app */,
			);
			name = Products;
			sourceTree = "<group>";
		};
		DF9FB83E18119A5400F93E95 /* Frameworks */ = {
			isa = PBXGroup;
			children = (
				DF9FB83F18119A5400F93E95 /* UIKit.framework */,
				DF9FB84118119A5400F93E95 /* Foundation.framework */,
				DF9FB84318119A5400F93E95 /* CoreGraphics.framework */,
			);
			name = Frameworks;
			sourceTree = "<group>";
		};
		DF9FB84518119A5400F93E95 /* Draw2D */ = {
			isa = PBXGroup;
			children = (
				DF9FB8691811B86E00F93E95 /* Apple.jpg */,
				DF9FB8671811B78600F93E95 /* steve.jpg */,
				DF9FB84E18119A5400F93E95 /* AppDelegate.h */,
				DF9FB84F18119A5400F93E95 /* AppDelegate.m */,
				DF9FB85718119A5400F93E95 /* MainStoryboard.storyboard */,
				DF9FB85A18119A5400F93E95 /* ViewController.h */,
				DF9FB85B18119A5400F93E95 /* ViewController.m */,
				DF9FB86218119A7E00F93E95 /* Draw2D.h */,
				DF9FB86318119A7E00F93E95 /* Draw2D.m */,
				DF9FB84618119A5400F93E95 /* Supporting Files */,
			);
			path = Draw2D;
			sourceTree = "<group>";
		};
		DF9FB84618119A5400F93E95 /* Supporting Files */ = {
			isa = PBXGroup;
			children = (
				DF9FB84718119A5400F93E95 /* Draw2D-Info.plist */,
				DF9FB84818119A5400F93E95 /* InfoPlist.strings */,
				DF9FB84B18119A5400F93E95 /* main.m */,
				DF9FB84D18119A5400F93E95 /* Draw2D-Prefix.pch */,
				DF9FB85118119A5400F93E95 /* Default.png */,
				DF9FB85318119A5400F93E95 /* Default@2x.png */,
				DF9FB85518119A5400F93E95 /* Default-568h@2x.png */,
			);
			name = "Supporting Files";
			sourceTree = "<group>";
		};
/* End PBXGroup section */

/* Begin PBXNativeTarget section */
		DF9FB83B18119A5300F93E95 /* Draw2D */ = {
			isa = PBXNativeTarget;
			buildConfigurationList = DF9FB85F18119A5400F93E95 /* Build configuration list for PBXNativeTarget "Draw2D" */;
			buildPhases = (
				DF9FB83818119A5300F93E95 /* Sources */,
				DF9FB83918119A5300F93E95 /* Frameworks */,
				DF9FB83A18119A5300F93E95 /* Resources */,
			);
			buildRules = (
			);
			dependencies = (
			);
			name = Draw2D;
			productName = Draw2D;
			productReference = DF9FB83C18119A5400F93E95 /* Draw2D.app */;
			productType = "com.apple.product-type.application";
		};
/* End PBXNativeTarget section */

/* Begin PBXProject section */
		DF9FB83418119A5300F93E95 /* Project object */ = {
			isa = PBXProject;
			attributes = {
				LastUpgradeCheck = 0460;
				ORGANIZATIONNAME = vish;
			};
			buildConfigurationList = DF9FB83718119A5300F93E95 /* Build configuration list for PBXProject "Draw2D" */;
			compatibilityVersion = "Xcode 3.2";
			developmentRegion = English;
			hasScannedForEncodings = 0;
			knownRegions = (
				en,
			);
			mainGroup = DF9FB83318119A5300F93E95;
			productRefGroup = DF9FB83D18119A5400F93E95 /* Products */;
			projectDirPath = "";
			projectRoot = "";
			targets = (
				DF9FB83B18119A5300F93E95 /* Draw2D */,
			);
		};
/* End PBXProject section */

/* Begin PBXResourcesBuildPhase section */
		DF9FB83A18119A5300F93E95 /* Resources */ = {
			isa = PBXResourcesBuildPhase;
			buildActionMask = 2147483647;
			files = (
				DF9FB84A18119A5400F93E95 /* InfoPlist.strings in Resources */,
				DF9FB85218119A5400F93E95 /* Default.png in Resources */,
				DF9FB85418119A5400F93E95 /* Default@2x.png in Resources */,
				DF9FB85618119A5400F93E95 /* Default-568h@2x.png in Resources */,
				DF9FB85918119A5400F93E95 /* MainStoryboard.storyboard in Resources */,
				DF9FB8681811B78600F93E95 /* steve.jpg in Resources */,
				DF9FB86A1811B86E00F93E95 /* Apple.jpg in Resources */,
			);
			runOnlyForDeploymentPostprocessing = 0;
		};
/* End PBXResourcesBuildPhase section */

/* Begin PBXSourcesBuildPhase section */
		DF9FB83818119A5300F93E95 /* Sources */ = {
			isa = PBXSourcesBuildPhase;
			buildActionMask = 2147483647;
			files = (
				DF9FB84C18119A5400F93E95 /* main.m in Sources */,
				DF9FB85018119A5400F93E95 /* AppDelegate.m in Sources */,
				DF9FB85C18119A5400F93E95 /* ViewController.m in Sources */,
				DF9FB86418119A7E00F93E95 /* Draw2D.m in Sources */,
			);
			runOnlyForDeploymentPostprocessing = 0;
		};
/* End PBXSourcesBuildPhase section */

/* Begin PBXVariantGroup section */
		DF9FB84818119A5400F93E95 /* InfoPlist.strings */ = {
			isa = PBXVariantGroup;
			children = (
				DF9FB84918119A5400F93E95 /* en */,
			);
			name = InfoPlist.strings;
			sourceTree = "<group>";
		};
		DF9FB85718119A5400F93E95 /* MainStoryboard.storyboard */ = {
			isa = PBXVariantGroup;
			children = (
				DF9FB85818119A5400F93E95 /* en */,
			);
			name = MainStoryboard.storyboard;
			sourceTree = "<group>";
		};
/* End PBXVariantGroup section */

/* Begin XCBuildConfiguration section */
		DF9FB85D18119A5400F93E95 /* Debug */ = {
			isa = XCBuildConfiguration;
			buildSettings = {
				ALWAYS_SEARCH_USER_PATHS = NO;
				CLANG_CXX_LANGUAGE_STANDARD = "gnu++0x";
				CLANG_CXX_LIBRARY = "libc++";
				CLANG_ENABLE_OBJC_ARC = YES;
				CLANG_WARN_CONSTANT_CONVERSION = YES;
				CLANG_WARN_EMPTY_BODY = YES;
				CLANG_WARN_ENUM_CONVERSION = YES;
				CLANG_WARN_INT_CONVERSION = YES;
				CLANG_WARN__DUPLICATE_METHOD_MATCH = YES;
				"CODE_SIGN_IDENTITY[sdk=iphoneos*]" = "iPhone Developer";
				COPY_PHASE_STRIP = NO;
				GCC_C_LANGUAGE_STANDARD = gnu99;
				GCC_DYNAMIC_NO_PIC = NO;
				GCC_OPTIMIZATION_LEVEL = 0;
				GCC_PREPROCESSOR_DEFINITIONS = (
					"DEBUG=1",
					"$(inherited)",
				);
				GCC_SYMBOLS_PRIVATE_EXTERN = NO;
				GCC_WARN_ABOUT_RETURN_TYPE = YES;
				GCC_WARN_UNINITIALIZED_AUTOS = YES;
				GCC_WARN_UNUSED_VARIABLE = YES;
				IPHONEOS_DEPLOYMENT_TARGET = 6.1;
				ONLY_ACTIVE_ARCH = YES;
				SDKROOT = iphoneos;
			};
			name = Debug;
		};
		DF9FB85E18119A5400F93E95 /* Release */ = {
			isa = XCBuildConfiguration;
			buildSettings = {
				ALWAYS_SEARCH_USER_PATHS = NO;
				CLANG_CXX_LANGUAGE_STANDARD = "gnu++0x";
				CLANG_CXX_LIBRARY = "libc++";
				CLANG_ENABLE_OBJC_ARC = YES;
				CLANG_WARN_CONSTANT_CONVERSION = YES;
				CLANG_WARN_EMPTY_BODY = YES;
				CLANG_WARN_ENUM_CONVERSION = YES;
				CLANG_WARN_INT_CONVERSION = YES;
				CLANG_WARN__DUPLICATE_METHOD_MATCH = YES;
				"CODE_SIGN_IDENTITY[sdk=iphoneos*]" = "iPhone Developer";
				COPY_PHASE_STRIP = YES;
				GCC_C_LANGUAGE_STANDARD = gnu99;
				GCC_WARN_ABOUT_RETURN_TYPE = YES;
				GCC_WARN_UNINITIALIZED_AUTOS = YES;
				GCC_WARN_UNUSED_VARIABLE = YES;
				IPHONEOS_DEPLOYMENT_TARGET = 6.1;
				OTHER_CFLAGS = "-DNS_BLOCK_ASSERTIONS=1";
				SDKROOT = iphoneos;
				VALIDATE_PRODUCT = YES;
			};
			name = Release;
		};
		DF9FB86018119A5400F93E95 /* Debug */ = {
			isa = XCBuildConfiguration;
			buildSettings = {
				GCC_PRECOMPILE_PREFIX_HEADER = YES;
				GCC_PREFIX_HEADER = "Draw2D/Draw2D-Prefix.pch";
				INFOPLIST_FILE = "Draw2D/Draw2D-Info.plist";
				PRODUCT_NAME = "$(TARGET_NAME)";
				WRAPPER_EXTENSION = app;
			};
			name = Debug;
		};
		DF9FB86118119A5400F93E95 /* Release */ = {
			isa = XCBuildConfiguration;
			buildSettings = {
				GCC_PRECOMPILE_PREFIX_HEADER = YES;
				GCC_PREFIX_HEADER = "Draw2D/Draw2D-Prefix.pch";
				INFOPLIST_FILE = "Draw2D/Draw2D-Info.plist";
				PRODUCT_NAME = "$(TARGET_NAME)";
				WRAPPER_EXTENSION = app;
			};
			name = Release;
		};
/* End XCBuildConfiguration section */

/* Begin XCConfigurationList section */
		DF9FB83718119A5300F93E95 /* Build configuration list for PBXProject "Draw2D" */ = {
			isa = XCConfigurationList;
			buildConfigurations = (
				DF9FB85D18119A5400F93E95 /* Debug */,
				DF9FB85E18119A5400F93E95 /* Release */,
			);
			defaultConfigurationIsVisible = 0;
			defaultConfigurationName = Release;
		};
		DF9FB85F18119A5400F93E95 /* Build configuration list for PBXNativeTarget "Draw2D" */ = {
			isa = XCConfigurationList;
			buildConfigurations = (
				DF9FB86018119A5400F93E95 /* Debug */,
				DF9FB86118119A5400F93E95 /* Release */,
			);
			defaultConfigurationIsVisible = 0;
		};
/* End XCConfigurationList section */
	};
	rootObject = DF9FB83418119A5300F93E95 /* Project object */;
}
